
Microsoft Visual Studio Solution File, Format Version 12.00
# Visual Studio Version 17
VisualStudioVersion = 17.6.33829.357
MinimumVisualStudioVersion = 10.0.40219.1
Project("{FAE04EC0-301F-11D3-BF4B-00C04F79EFBC}") = "zadanie1", "zadanie1\zadanie1.csproj", "{6CFC1641-94C0-431F-A067-2D4F9609DA00}"
EndProject
Global
	GlobalSection(SolutionConfigurationPlatforms) = preSolution
		Debug|Any CPU = Debug|Any CPU
		Release|Any CPU = Release|Any CPU
	EndGlobalSection
	GlobalSection(ProjectConfigurationPlatforms) = postSolution
		{6CFC1641-94C0-431F-A067-2D4F9609DA00}.Debug|Any CPU.ActiveCfg = Debug|Any CPU
		{6CFC1641-94C0-431F-A067-2D4F9609DA00}.Debug|Any CPU.Build.0 = Debug|Any CPU
		{6CFC1641-94C0-431F-A067-2D4F9609DA00}.Release|Any CPU.ActiveCfg = Release|Any CPU
		{6CFC1641-94C0-431F-A067-2D4F9609DA00}.Release|Any CPU.Build.0 = Release|Any CPU
	EndGlobalSection
	GlobalSection(SolutionProperties) = preSolution
		HideSolutionNode = FALSE
	EndGlobalSection
	GlobalSection(ExtensibilityGlobals) = postSolution
		SolutionGuid = {1906A970-7271-439C-B8A9-F6DB9A77074C}
	EndGlobalSection
EndGlobal
